
Microsoft Visual Studio Solution File, Format Version 12.00
# Visual Studio Version 17
VisualStudioVersion = 17.8.34309.116
MinimumVisualStudioVersion = 10.0.40219.1
Project("{E24C65DC-7377-472B-9ABA-BC803B73C61A}") = "February16", "February16\", "{CEE6685C-287E-4607-83F9-11AAD1EC8DA2}"
	ProjectSection(WebsiteProperties) = preProject
		TargetFrameworkMoniker = ".NETFramework,Version%3Dv4.7.2"
		Debug.AspNetCompiler.VirtualPath = "/localhost_51388"
		Debug.AspNetCompiler.PhysicalPath = "February16\"
		Debug.AspNetCompiler.TargetPath = "PrecompiledWeb\localhost_51388\"
		Debug.AspNetCompiler.Updateable = "true"
		Debug.AspNetCompiler.ForceOverwrite = "true"
		Debug.AspNetCompiler.FixedNames = "false"
		Debug.AspNetCompiler.Debug = "True"
		Release.AspNetCompiler.VirtualPath = "/localhost_51388"
		Release.AspNetCompiler.PhysicalPath = "February16\"
		Release.AspNetCompiler.TargetPath = "PrecompiledWeb\localhost_51388\"
		Release.AspNetCompiler.Updateable = "true"
		Release.AspNetCompiler.ForceOverwrite = "true"
		Release.AspNetCompiler.FixedNames = "false"
		Release.AspNetCompiler.Debug = "False"
		VWDPort = "51388"
		SlnRelativePath = "February16\"
		DefaultWebSiteLanguage = "Visual Basic"
	EndProjectSection
EndProject
Project("{2150E333-8FDC-42A3-9474-1A3956D46DE8}") = "Solution Items", "Solution Items", "{AC4C0B39-2BFD-441F-97C4-1F1574C80F1C}"
	ProjectSection(SolutionItems) = preProject
		information.md = information.md
		readme.md = readme.md
	EndProjectSection
EndProject
Project("{E24C65DC-7377-472B-9ABA-BC803B73C61A}") = "February23", "February23\", "{E5D4A264-2B3F-482D-B97B-AEDA6E826909}"
	ProjectSection(WebsiteProperties) = preProject
		TargetFrameworkMoniker = ".NETFramework,Version%3Dv4.7.2"
		Debug.AspNetCompiler.VirtualPath = "/localhost_65521"
		Debug.AspNetCompiler.PhysicalPath = "February23\"
		Debug.AspNetCompiler.TargetPath = "PrecompiledWeb\localhost_65521\"
		Debug.AspNetCompiler.Updateable = "true"
		Debug.AspNetCompiler.ForceOverwrite = "true"
		Debug.AspNetCompiler.FixedNames = "false"
		Debug.AspNetCompiler.Debug = "True"
		Release.AspNetCompiler.VirtualPath = "/localhost_65521"
		Release.AspNetCompiler.PhysicalPath = "February23\"
		Release.AspNetCompiler.TargetPath = "PrecompiledWeb\localhost_65521\"
		Release.AspNetCompiler.Updateable = "true"
		Release.AspNetCompiler.ForceOverwrite = "true"
		Release.AspNetCompiler.FixedNames = "false"
		Release.AspNetCompiler.Debug = "False"
		VWDPort = "65521"
		SlnRelativePath = "February23\"
		DefaultWebSiteLanguage = "Visual Basic"
	EndProjectSection
EndProject
Project("{E24C65DC-7377-472B-9ABA-BC803B73C61A}") = "March1", "March1\", "{B90422F5-59F9-4854-8495-8817015F41BE}"
	ProjectSection(WebsiteProperties) = preProject
		TargetFrameworkMoniker = ".NETFramework,Version%3Dv4.7.2"
		Debug.AspNetCompiler.VirtualPath = "/localhost_51168"
		Debug.AspNetCompiler.PhysicalPath = "March1\"
		Debug.AspNetCompiler.TargetPath = "PrecompiledWeb\localhost_51168\"
		Debug.AspNetCompiler.Updateable = "true"
		Debug.AspNetCompiler.ForceOverwrite = "true"
		Debug.AspNetCompiler.FixedNames = "false"
		Debug.AspNetCompiler.Debug = "True"
		Release.AspNetCompiler.VirtualPath = "/localhost_51168"
		Release.AspNetCompiler.PhysicalPath = "March1\"
		Release.AspNetCompiler.TargetPath = "PrecompiledWeb\localhost_51168\"
		Release.AspNetCompiler.Updateable = "true"
		Release.AspNetCompiler.ForceOverwrite = "true"
		Release.AspNetCompiler.FixedNames = "false"
		Release.AspNetCompiler.Debug = "False"
		VWDPort = "51168"
		SlnRelativePath = "March1\"
		DefaultWebSiteLanguage = "Visual Basic"
	EndProjectSection
EndProject
Project("{E24C65DC-7377-472B-9ABA-BC803B73C61A}") = "March8", "March8\", "{0A7F8182-EBF5-4577-A610-B2193C8384DD}"
	ProjectSection(WebsiteProperties) = preProject
		TargetFrameworkMoniker = ".NETFramework,Version%3Dv4.7.2"
		Debug.AspNetCompiler.VirtualPath = "/localhost_63857"
		Debug.AspNetCompiler.PhysicalPath = "March8\"
		Debug.AspNetCompiler.TargetPath = "PrecompiledWeb\localhost_63857\"
		Debug.AspNetCompiler.Updateable = "true"
		Debug.AspNetCompiler.ForceOverwrite = "true"
		Debug.AspNetCompiler.FixedNames = "false"
		Debug.AspNetCompiler.Debug = "True"
		Release.AspNetCompiler.VirtualPath = "/localhost_63857"
		Release.AspNetCompiler.PhysicalPath = "March8\"
		Release.AspNetCompiler.TargetPath = "PrecompiledWeb\localhost_63857\"
		Release.AspNetCompiler.Updateable = "true"
		Release.AspNetCompiler.ForceOverwrite = "true"
		Release.AspNetCompiler.FixedNames = "false"
		Release.AspNetCompiler.Debug = "False"
		VWDPort = "63857"
		SlnRelativePath = "March8\"
		DefaultWebSiteLanguage = "Visual Basic"
	EndProjectSection
EndProject
Project("{E24C65DC-7377-472B-9ABA-BC803B73C61A}") = "March15", "March15\", "{225C5A4E-E164-4821-90EC-E50B457CFEDE}"
	ProjectSection(WebsiteProperties) = preProject
		TargetFrameworkMoniker = ".NETFramework,Version%3Dv4.7.2"
		Debug.AspNetCompiler.VirtualPath = "/localhost_53905"
		Debug.AspNetCompiler.PhysicalPath = "March15\"
		Debug.AspNetCompiler.TargetPath = "PrecompiledWeb\localhost_53905\"
		Debug.AspNetCompiler.Updateable = "true"
		Debug.AspNetCompiler.ForceOverwrite = "true"
		Debug.AspNetCompiler.FixedNames = "false"
		Debug.AspNetCompiler.Debug = "True"
		Release.AspNetCompiler.VirtualPath = "/localhost_53905"
		Release.AspNetCompiler.PhysicalPath = "March15\"
		Release.AspNetCompiler.TargetPath = "PrecompiledWeb\localhost_53905\"
		Release.AspNetCompiler.Updateable = "true"
		Release.AspNetCompiler.ForceOverwrite = "true"
		Release.AspNetCompiler.FixedNames = "false"
		Release.AspNetCompiler.Debug = "False"
		VWDPort = "53905"
		SlnRelativePath = "March15\"
		DefaultWebSiteLanguage = "Visual Basic"
	EndProjectSection
EndProject
Project("{E24C65DC-7377-472B-9ABA-BC803B73C61A}") = "FullPageExample", "FullPageExample\", "{639401CC-C034-4D77-9577-8808EB0AF177}"
	ProjectSection(WebsiteProperties) = preProject
		TargetFrameworkMoniker = ".NETFramework,Version%3Dv4.7.2"
		Debug.AspNetCompiler.VirtualPath = "/localhost_50789"
		Debug.AspNetCompiler.PhysicalPath = "FullPageExample\"
		Debug.AspNetCompiler.TargetPath = "PrecompiledWeb\localhost_50789\"
		Debug.AspNetCompiler.Updateable = "true"
		Debug.AspNetCompiler.ForceOverwrite = "true"
		Debug.AspNetCompiler.FixedNames = "false"
		Debug.AspNetCompiler.Debug = "True"
		Release.AspNetCompiler.VirtualPath = "/localhost_50789"
		Release.AspNetCompiler.PhysicalPath = "FullPageExample\"
		Release.AspNetCompiler.TargetPath = "PrecompiledWeb\localhost_50789\"
		Release.AspNetCompiler.Updateable = "true"
		Release.AspNetCompiler.ForceOverwrite = "true"
		Release.AspNetCompiler.FixedNames = "false"
		Release.AspNetCompiler.Debug = "False"
		VWDPort = "50789"
		SlnRelativePath = "FullPageExample\"
		DefaultWebSiteLanguage = "Visual Basic"
	EndProjectSection
EndProject
Project("{E24C65DC-7377-472B-9ABA-BC803B73C61A}") = "BootstrapSplitButtonWithJavaScript", "BootstrapSplitButtonWithJavaScript\", "{23609DAB-9DAE-46E2-A4F4-63C2D1509176}"
	ProjectSection(WebsiteProperties) = preProject
		TargetFrameworkMoniker = ".NETFramework,Version%3Dv4.7.2"
		Debug.AspNetCompiler.VirtualPath = "/localhost_58026"
		Debug.AspNetCompiler.PhysicalPath = "BootstrapSplitButtonWithJavaScript\"
		Debug.AspNetCompiler.TargetPath = "PrecompiledWeb\localhost_58026\"
		Debug.AspNetCompiler.Updateable = "true"
		Debug.AspNetCompiler.ForceOverwrite = "true"
		Debug.AspNetCompiler.FixedNames = "false"
		Debug.AspNetCompiler.Debug = "True"
		Release.AspNetCompiler.VirtualPath = "/localhost_58026"
		Release.AspNetCompiler.PhysicalPath = "BootstrapSplitButtonWithJavaScript\"
		Release.AspNetCompiler.TargetPath = "PrecompiledWeb\localhost_58026\"
		Release.AspNetCompiler.Updateable = "true"
		Release.AspNetCompiler.ForceOverwrite = "true"
		Release.AspNetCompiler.FixedNames = "false"
		Release.AspNetCompiler.Debug = "False"
		VWDPort = "58026"
		SlnRelativePath = "BootstrapSplitButtonWithJavaScript\"
		DefaultWebSiteLanguage = "Visual Basic"
	EndProjectSection
EndProject
Project("{E24C65DC-7377-472B-9ABA-BC803B73C61A}") = "LoginDialogSample", "LoginDialogSample\", "{35F0788C-103C-450C-AA5F-13D124FB6965}"
	ProjectSection(WebsiteProperties) = preProject
		TargetFrameworkMoniker = ".NETFramework,Version%3Dv4.7.2"
		Debug.AspNetCompiler.VirtualPath = "/localhost_51317"
		Debug.AspNetCompiler.PhysicalPath = "LoginDialogSample\"
		Debug.AspNetCompiler.TargetPath = "PrecompiledWeb\localhost_51317\"
		Debug.AspNetCompiler.Updateable = "true"
		Debug.AspNetCompiler.ForceOverwrite = "true"
		Debug.AspNetCompiler.FixedNames = "false"
		Debug.AspNetCompiler.Debug = "True"
		Release.AspNetCompiler.VirtualPath = "/localhost_51317"
		Release.AspNetCompiler.PhysicalPath = "LoginDialogSample\"
		Release.AspNetCompiler.TargetPath = "PrecompiledWeb\localhost_51317\"
		Release.AspNetCompiler.Updateable = "true"
		Release.AspNetCompiler.ForceOverwrite = "true"
		Release.AspNetCompiler.FixedNames = "false"
		Release.AspNetCompiler.Debug = "False"
		VWDPort = "51317"
		SlnRelativePath = "LoginDialogSample\"
		DefaultWebSiteLanguage = "Visual Basic"
	EndProjectSection
EndProject
Project("{E24C65DC-7377-472B-9ABA-BC803B73C61A}") = "DisplayPropertyDemo", "DisplayPropertyDemo\", "{BC813B5B-1B9B-45F5-94FB-31BBD6F9CDEC}"
	ProjectSection(WebsiteProperties) = preProject
		TargetFrameworkMoniker = ".NETFramework,Version%3Dv4.7.2"
		Debug.AspNetCompiler.VirtualPath = "/localhost_51041"
		Debug.AspNetCompiler.PhysicalPath = "DisplayPropertyDemo\"
		Debug.AspNetCompiler.TargetPath = "PrecompiledWeb\localhost_51041\"
		Debug.AspNetCompiler.Updateable = "true"
		Debug.AspNetCompiler.ForceOverwrite = "true"
		Debug.AspNetCompiler.FixedNames = "false"
		Debug.AspNetCompiler.Debug = "True"
		Release.AspNetCompiler.VirtualPath = "/localhost_51041"
		Release.AspNetCompiler.PhysicalPath = "DisplayPropertyDemo\"
		Release.AspNetCompiler.TargetPath = "PrecompiledWeb\localhost_51041\"
		Release.AspNetCompiler.Updateable = "true"
		Release.AspNetCompiler.ForceOverwrite = "true"
		Release.AspNetCompiler.FixedNames = "false"
		Release.AspNetCompiler.Debug = "False"
		VWDPort = "51041"
		SlnRelativePath = "DisplayPropertyDemo\"
		DefaultWebSiteLanguage = "Visual Basic"
	EndProjectSection
EndProject
Global
	GlobalSection(SolutionConfigurationPlatforms) = preSolution
		Debug|Any CPU = Debug|Any CPU
		Release|Any CPU = Release|Any CPU
	EndGlobalSection
	GlobalSection(ProjectConfigurationPlatforms) = postSolution
		{CEE6685C-287E-4607-83F9-11AAD1EC8DA2}.Debug|Any CPU.ActiveCfg = Debug|Any CPU
		{CEE6685C-287E-4607-83F9-11AAD1EC8DA2}.Debug|Any CPU.Build.0 = Debug|Any CPU
		{CEE6685C-287E-4607-83F9-11AAD1EC8DA2}.Release|Any CPU.ActiveCfg = Debug|Any CPU
		{CEE6685C-287E-4607-83F9-11AAD1EC8DA2}.Release|Any CPU.Build.0 = Debug|Any CPU
		{E5D4A264-2B3F-482D-B97B-AEDA6E826909}.Debug|Any CPU.ActiveCfg = Debug|Any CPU
		{E5D4A264-2B3F-482D-B97B-AEDA6E826909}.Debug|Any CPU.Build.0 = Debug|Any CPU
		{E5D4A264-2B3F-482D-B97B-AEDA6E826909}.Release|Any CPU.ActiveCfg = Debug|Any CPU
		{E5D4A264-2B3F-482D-B97B-AEDA6E826909}.Release|Any CPU.Build.0 = Debug|Any CPU
		{B90422F5-59F9-4854-8495-8817015F41BE}.Debug|Any CPU.ActiveCfg = Debug|Any CPU
		{B90422F5-59F9-4854-8495-8817015F41BE}.Debug|Any CPU.Build.0 = Debug|Any CPU
		{B90422F5-59F9-4854-8495-8817015F41BE}.Release|Any CPU.ActiveCfg = Debug|Any CPU
		{B90422F5-59F9-4854-8495-8817015F41BE}.Release|Any CPU.Build.0 = Debug|Any CPU
		{0A7F8182-EBF5-4577-A610-B2193C8384DD}.Debug|Any CPU.ActiveCfg = Debug|Any CPU
		{0A7F8182-EBF5-4577-A610-B2193C8384DD}.Debug|Any CPU.Build.0 = Debug|Any CPU
		{0A7F8182-EBF5-4577-A610-B2193C8384DD}.Release|Any CPU.ActiveCfg = Debug|Any CPU
		{0A7F8182-EBF5-4577-A610-B2193C8384DD}.Release|Any CPU.Build.0 = Debug|Any CPU
		{225C5A4E-E164-4821-90EC-E50B457CFEDE}.Debug|Any CPU.ActiveCfg = Debug|Any CPU
		{225C5A4E-E164-4821-90EC-E50B457CFEDE}.Debug|Any CPU.Build.0 = Debug|Any CPU
		{225C5A4E-E164-4821-90EC-E50B457CFEDE}.Release|Any CPU.ActiveCfg = Debug|Any CPU
		{225C5A4E-E164-4821-90EC-E50B457CFEDE}.Release|Any CPU.Build.0 = Debug|Any CPU
		{639401CC-C034-4D77-9577-8808EB0AF177}.Debug|Any CPU.ActiveCfg = Debug|Any CPU
		{639401CC-C034-4D77-9577-8808EB0AF177}.Debug|Any CPU.Build.0 = Debug|Any CPU
		{639401CC-C034-4D77-9577-8808EB0AF177}.Release|Any CPU.ActiveCfg = Debug|Any CPU
		{639401CC-C034-4D77-9577-8808EB0AF177}.Release|Any CPU.Build.0 = Debug|Any CPU
		{23609DAB-9DAE-46E2-A4F4-63C2D1509176}.Debug|Any CPU.ActiveCfg = Debug|Any CPU
		{23609DAB-9DAE-46E2-A4F4-63C2D1509176}.Debug|Any CPU.Build.0 = Debug|Any CPU
		{23609DAB-9DAE-46E2-A4F4-63C2D1509176}.Release|Any CPU.ActiveCfg = Debug|Any CPU
		{23609DAB-9DAE-46E2-A4F4-63C2D1509176}.Release|Any CPU.Build.0 = Debug|Any CPU
		{35F0788C-103C-450C-AA5F-13D124FB6965}.Debug|Any CPU.ActiveCfg = Debug|Any CPU
		{35F0788C-103C-450C-AA5F-13D124FB6965}.Debug|Any CPU.Build.0 = Debug|Any CPU
		{35F0788C-103C-450C-AA5F-13D124FB6965}.Release|Any CPU.ActiveCfg = Debug|Any CPU
		{35F0788C-103C-450C-AA5F-13D124FB6965}.Release|Any CPU.Build.0 = Debug|Any CPU
		{BC813B5B-1B9B-45F5-94FB-31BBD6F9CDEC}.Debug|Any CPU.ActiveCfg = Debug|Any CPU
		{BC813B5B-1B9B-45F5-94FB-31BBD6F9CDEC}.Debug|Any CPU.Build.0 = Debug|Any CPU
		{BC813B5B-1B9B-45F5-94FB-31BBD6F9CDEC}.Release|Any CPU.ActiveCfg = Debug|Any CPU
		{BC813B5B-1B9B-45F5-94FB-31BBD6F9CDEC}.Release|Any CPU.Build.0 = Debug|Any CPU
	EndGlobalSection
	GlobalSection(SolutionProperties) = preSolution
		HideSolutionNode = FALSE
	EndGlobalSection
	GlobalSection(ExtensibilityGlobals) = postSolution
		SolutionGuid = {5769EB0C-6D67-43FF-943E-3A3DD94E74D3}
	EndGlobalSection
EndGlobal
