
Microsoft Visual Studio Solution File, Format Version 12.00
# Visual Studio Version 17
VisualStudioVersion = 17.8.34309.116
MinimumVisualStudioVersion = 10.0.40219.1
Project("{E24C65DC-7377-472B-9ABA-BC803B73C61A}") = "February16", "February16\", "{CEE6685C-287E-4607-83F9-11AAD1EC8DA2}"
	ProjectSection(WebsiteProperties) = preProject
		TargetFrameworkMoniker = ".NETFramework,Version%3Dv4.7.2"
		Debug.AspNetCompiler.VirtualPath = "/localhost_51388"
		Debug.AspNetCompiler.PhysicalPath = "February16\"
		Debug.AspNetCompiler.TargetPath = "PrecompiledWeb\localhost_51388\"
		Debug.AspNetCompiler.Updateable = "true"
		Debug.AspNetCompiler.ForceOverwrite = "true"
		Debug.AspNetCompiler.FixedNames = "false"
		Debug.AspNetCompiler.Debug = "True"
		Release.AspNetCompiler.VirtualPath = "/localhost_51388"
		Release.AspNetCompiler.PhysicalPath = "February16\"
		Release.AspNetCompiler.TargetPath = "PrecompiledWeb\localhost_51388\"
		Release.AspNetCompiler.Updateable = "true"
		Release.AspNetCompiler.ForceOverwrite = "true"
		Release.AspNetCompiler.FixedNames = "false"
		Release.AspNetCompiler.Debug = "False"
		VWDPort = "51388"
		SlnRelativePath = "February16\"
		DefaultWebSiteLanguage = "Visual Basic"
	EndProjectSection
EndProject
Project("{2150E333-8FDC-42A3-9474-1A3956D46DE8}") = "Solution Items", "Solution Items", "{AC4C0B39-2BFD-441F-97C4-1F1574C80F1C}"
	ProjectSection(SolutionItems) = preProject
		information.md = information.md
		readme.md = readme.md
	EndProjectSection
EndProject
Project("{E24C65DC-7377-472B-9ABA-BC803B73C61A}") = "February23", "February23\", "{E5D4A264-2B3F-482D-B97B-AEDA6E826909}"
	ProjectSection(WebsiteProperties) = preProject
		TargetFrameworkMoniker = ".NETFramework,Version%3Dv4.7.2"
		Debug.AspNetCompiler.VirtualPath = "/localhost_65521"
		Debug.AspNetCompiler.PhysicalPath = "February23\"
		Debug.AspNetCompiler.TargetPath = "PrecompiledWeb\localhost_65521\"
		Debug.AspNetCompiler.Updateable = "true"
		Debug.AspNetCompiler.ForceOverwrite = "true"
		Debug.AspNetCompiler.FixedNames = "false"
		Debug.AspNetCompiler.Debug = "True"
		Release.AspNetCompiler.VirtualPath = "/localhost_65521"
		Release.AspNetCompiler.PhysicalPath = "February23\"
		Release.AspNetCompiler.TargetPath = "PrecompiledWeb\localhost_65521\"
		Release.AspNetCompiler.Updateable = "true"
		Release.AspNetCompiler.ForceOverwrite = "true"
		Release.AspNetCompiler.FixedNames = "false"
		Release.AspNetCompiler.Debug = "False"
		VWDPort = "65521"
		SlnRelativePath = "February23\"
		DefaultWebSiteLanguage = "Visual Basic"
	EndProjectSection
EndProject
Project("{E24C65DC-7377-472B-9ABA-BC803B73C61A}") = "March1", "March1\", "{B90422F5-59F9-4854-8495-8817015F41BE}"
	ProjectSection(WebsiteProperties) = preProject
		TargetFrameworkMoniker = ".NETFramework,Version%3Dv4.7.2"
		Debug.AspNetCompiler.VirtualPath = "/localhost_51168"
		Debug.AspNetCompiler.PhysicalPath = "March1\"
		Debug.AspNetCompiler.TargetPath = "PrecompiledWeb\localhost_51168\"
		Debug.AspNetCompiler.Updateable = "true"
		Debug.AspNetCompiler.ForceOverwrite = "true"
		Debug.AspNetCompiler.FixedNames = "false"
		Debug.AspNetCompiler.Debug = "True"
		Release.AspNetCompiler.VirtualPath = "/localhost_51168"
		Release.AspNetCompiler.PhysicalPath = "March1\"
		Release.AspNetCompiler.TargetPath = "PrecompiledWeb\localhost_51168\"
		Release.AspNetCompiler.Updateable = "true"
		Release.AspNetCompiler.ForceOverwrite = "true"
		Release.AspNetCompiler.FixedNames = "false"
		Release.AspNetCompiler.Debug = "False"
		VWDPort = "51168"
		SlnRelativePath = "March1\"
		DefaultWebSiteLanguage = "Visual Basic"
	EndProjectSection
EndProject
Project("{E24C65DC-7377-472B-9ABA-BC803B73C61A}") = "March8", "March8\", "{0A7F8182-EBF5-4577-A610-B2193C8384DD}"
	ProjectSection(WebsiteProperties) = preProject
		TargetFrameworkMoniker = ".NETFramework,Version%3Dv4.7.2"
		Debug.AspNetCompiler.VirtualPath = "/localhost_63857"
		Debug.AspNetCompiler.PhysicalPath = "March8\"
		Debug.AspNetCompiler.TargetPath = "PrecompiledWeb\localhost_63857\"
		Debug.AspNetCompiler.Updateable = "true"
		Debug.AspNetCompiler.ForceOverwrite = "true"
		Debug.AspNetCompiler.FixedNames = "false"
		Debug.AspNetCompiler.Debug = "True"
		Release.AspNetCompiler.VirtualPath = "/localhost_63857"
		Release.AspNetCompiler.PhysicalPath = "March8\"
		Release.AspNetCompiler.TargetPath = "PrecompiledWeb\localhost_63857\"
		Release.AspNetCompiler.Updateable = "true"
		Release.AspNetCompiler.ForceOverwrite = "true"
		Release.AspNetCompiler.FixedNames = "false"
		Release.AspNetCompiler.Debug = "False"
		VWDPort = "63857"
		SlnRelativePath = "March8\"
		DefaultWebSiteLanguage = "Visual Basic"
	EndProjectSection
EndProject
Project("{E24C65DC-7377-472B-9ABA-BC803B73C61A}") = "March15", "March15\", "{225C5A4E-E164-4821-90EC-E50B457CFEDE}"
	ProjectSection(WebsiteProperties) = preProject
		TargetFrameworkMoniker = ".NETFramework,Version%3Dv4.7.2"
		Debug.AspNetCompiler.VirtualPath = "/localhost_53905"
		Debug.AspNetCompiler.PhysicalPath = "March15\"
		Debug.AspNetCompiler.TargetPath = "PrecompiledWeb\localhost_53905\"
		Debug.AspNetCompiler.Updateable = "true"
		Debug.AspNetCompiler.ForceOverwrite = "true"
		Debug.AspNetCompiler.FixedNames = "false"
		Debug.AspNetCompiler.Debug = "True"
		Release.AspNetCompiler.VirtualPath = "/localhost_53905"
		Release.AspNetCompiler.PhysicalPath = "March15\"
		Release.AspNetCompiler.TargetPath = "PrecompiledWeb\localhost_53905\"
		Release.AspNetCompiler.Updateable = "true"
		Release.AspNetCompiler.ForceOverwrite = "true"
		Release.AspNetCompiler.FixedNames = "false"
		Release.AspNetCompiler.Debug = "False"
		VWDPort = "53905"
		SlnRelativePath = "March15\"
		DefaultWebSiteLanguage = "Visual Basic"
	EndProjectSection
EndProject
Project("{E24C65DC-7377-472B-9ABA-BC803B73C61A}") = "FullPageExample", "FullPageExample\", "{639401CC-C034-4D77-9577-8808EB0AF177}"
	ProjectSection(WebsiteProperties) = preProject
		TargetFrameworkMoniker = ".NETFramework,Version%3Dv4.7.2"
		Debug.AspNetCompiler.VirtualPath = "/localhost_50789"
		Debug.AspNetCompiler.PhysicalPath = "FullPageExample\"
		Debug.AspNetCompiler.TargetPath = "PrecompiledWeb\localhost_50789\"
		Debug.AspNetCompiler.Updateable = "true"
		Debug.AspNetCompiler.ForceOverwrite = "true"
		Debug.AspNetCompiler.FixedNames = "false"
		Debug.AspNetCompiler.Debug = "True"
		Release.AspNetCompiler.VirtualPath = "/localhost_50789"
		Release.AspNetCompiler.PhysicalPath = "FullPageExample\"
		Release.AspNetCompiler.TargetPath = "PrecompiledWeb\localhost_50789\"
		Release.AspNetCompiler.Updateable = "true"
		Release.AspNetCompiler.ForceOverwrite = "true"
		Release.AspNetCompiler.FixedNames = "false"
		Release.AspNetCompiler.Debug = "False"
		VWDPort = "50789"
		SlnRelativePath = "FullPageExample\"
		DefaultWebSiteLanguage = "Visual Basic"
	EndProjectSection
EndProject
Project("{E24C65DC-7377-472B-9ABA-BC803B73C61A}") = "BootstrapSplitButtonWithJavaScript", "BootstrapSplitButtonWithJavaScript\", "{23609DAB-9DAE-46E2-A4F4-63C2D1509176}"
	ProjectSection(WebsiteProperties) = preProject
		TargetFrameworkMoniker = ".NETFramework,Version%3Dv4.7.2"
		Debug.AspNetCompiler.VirtualPath = "/localhost_58026"
		Debug.AspNetCompiler.PhysicalPath = "BootstrapSplitButtonWithJavaScript\"
		Debug.AspNetCompiler.TargetPath = "PrecompiledWeb\localhost_58026\"
		Debug.AspNetCompiler.Updateable = "true"
		Debug.AspNetCompiler.ForceOverwrite = "true"
		Debug.AspNetCompiler.FixedNames = "false"
		Debug.AspNetCompiler.Debug = "True"
		Release.AspNetCompiler.VirtualPath = "/localhost_58026"
		Release.AspNetCompiler.PhysicalPath = "BootstrapSplitButtonWithJavaScript\"
		Release.AspNetCompiler.TargetPath = "PrecompiledWeb\localhost_58026\"
		Release.AspNetCompiler.Updateable = "true"
		Release.AspNetCompiler.ForceOverwrite = "true"
		Release.AspNetCompiler.FixedNames = "false"
		Release.AspNetCompiler.Debug = "False"
		VWDPort = "58026"
		SlnRelativePath = "BootstrapSplitButtonWithJavaScript\"
		DefaultWebSiteLanguage = "Visual Basic"
	EndProjectSection
EndProject
Project("{E24C65DC-7377-472B-9ABA-BC803B73C61A}") = "LoginDialogSample", "LoginDialogSample\", "{35F0788C-103C-450C-AA5F-13D124FB6965}"
	ProjectSection(WebsiteProperties) = preProject
		TargetFrameworkMoniker = ".NETFramework,Version%3Dv4.7.2"
		Debug.AspNetCompiler.VirtualPath = "/localhost_51317"
		Debug.AspNetCompiler.PhysicalPath = "LoginDialogSample\"
		Debug.AspNetCompiler.TargetPath = "PrecompiledWeb\localhost_51317\"
		Debug.AspNetCompiler.Updateable = "true"
		Debug.AspNetCompiler.ForceOverwrite = "true"
		Debug.AspNetCompiler.FixedNames = "false"
		Debug.AspNetCompiler.Debug = "True"
		Release.AspNetCompiler.VirtualPath = "/localhost_51317"
		Release.AspNetCompiler.PhysicalPath = "LoginDialogSample\"
		Release.AspNetCompiler.TargetPath = "PrecompiledWeb\localhost_51317\"
		Release.AspNetCompiler.Updateable = "true"
		Release.AspNetCompiler.ForceOverwrite = "true"
		Release.AspNetCompiler.FixedNames = "false"
		Release.AspNetCompiler.Debug = "False"
		VWDPort = "51317"
		SlnRelativePath = "LoginDialogSample\"
		DefaultWebSiteLanguage = "Visual Basic"
	EndProjectSection
EndProject
Project("{E24C65DC-7377-472B-9ABA-BC803B73C61A}") = "DisplayPropertyDemo", "DisplayPropertyDemo\", "{BC813B5B-1B9B-45F5-94FB-31BBD6F9CDEC}"
	ProjectSection(WebsiteProperties) = preProject
		TargetFrameworkMoniker = ".NETFramework,Version%3Dv4.7.2"
		Debug.AspNetCompiler.VirtualPath = "/localhost_51041"
		Debug.AspNetCompiler.PhysicalPath = "DisplayPropertyDemo\"
		Debug.AspNetCompiler.TargetPath = "PrecompiledWeb\localhost_51041\"
		Debug.AspNetCompiler.Updateable = "true"
		Debug.AspNetCompiler.ForceOverwrite = "true"
		Debug.AspNetCompiler.FixedNames = "false"
		Debug.AspNetCompiler.Debug = "True"
		Release.AspNetCompiler.VirtualPath = "/localhost_51041"
		Release.AspNetCompiler.PhysicalPath = "DisplayPropertyDemo\"
		Release.AspNetCompiler.TargetPath = "PrecompiledWeb\localhost_51041\"
		Release.AspNetCompiler.Updateable = "true"
		Release.AspNetCompiler.ForceOverwrite = "true"
		Release.AspNetCompiler.FixedNames = "false"
		Release.AspNetCompiler.Debug = "False"
		VWDPort = "51041"
		SlnRelativePath = "DisplayPropertyDemo\"
		DefaultWebSiteLanguage = "Visual Basic"
	EndProjectSection
EndProject
Project("{E24C65DC-7377-472B-9ABA-BC803B73C61A}") = "WorkingWithTables", "WorkingWithTables\", "{CB99DF8B-7236-492C-B619-415378BF5671}"
	ProjectSection(WebsiteProperties) = preProject
		TargetFrameworkMoniker = ".NETFramework,Version%3Dv4.7.2"
		Debug.AspNetCompiler.VirtualPath = "/localhost_61731"
		Debug.AspNetCompiler.PhysicalPath = "WorkingWithTables\"
		Debug.AspNetCompiler.TargetPath = "PrecompiledWeb\localhost_61731\"
		Debug.AspNetCompiler.Updateable = "true"
		Debug.AspNetCompiler.ForceOverwrite = "true"
		Debug.AspNetCompiler.FixedNames = "false"
		Debug.AspNetCompiler.Debug = "True"
		Release.AspNetCompiler.VirtualPath = "/localhost_61731"
		Release.AspNetCompiler.PhysicalPath = "WorkingWithTables\"
		Release.AspNetCompiler.TargetPath = "PrecompiledWeb\localhost_61731\"
		Release.AspNetCompiler.Updateable = "true"
		Release.AspNetCompiler.ForceOverwrite = "true"
		Release.AspNetCompiler.FixedNames = "false"
		Release.AspNetCompiler.Debug = "False"
		VWDPort = "61731"
		SlnRelativePath = "WorkingWithTables\"
		DefaultWebSiteLanguage = "Visual Basic"
	EndProjectSection
EndProject
Project("{E24C65DC-7377-472B-9ABA-BC803B73C61A}") = "PasswordMeter", "PasswordMeter\", "{6B3F703C-90D2-48C0-BD03-E55A912AB04C}"
	ProjectSection(WebsiteProperties) = preProject
		TargetFrameworkMoniker = ".NETFramework,Version%3Dv4.7.2"
		Debug.AspNetCompiler.VirtualPath = "/localhost_57745"
		Debug.AspNetCompiler.PhysicalPath = "PasswordMeter\"
		Debug.AspNetCompiler.TargetPath = "PrecompiledWeb\localhost_57745\"
		Debug.AspNetCompiler.Updateable = "true"
		Debug.AspNetCompiler.ForceOverwrite = "true"
		Debug.AspNetCompiler.FixedNames = "false"
		Debug.AspNetCompiler.Debug = "True"
		Release.AspNetCompiler.VirtualPath = "/localhost_57745"
		Release.AspNetCompiler.PhysicalPath = "PasswordMeter\"
		Release.AspNetCompiler.TargetPath = "PrecompiledWeb\localhost_57745\"
		Release.AspNetCompiler.Updateable = "true"
		Release.AspNetCompiler.ForceOverwrite = "true"
		Release.AspNetCompiler.FixedNames = "false"
		Release.AspNetCompiler.Debug = "False"
		VWDPort = "57745"
		SlnRelativePath = "PasswordMeter\"
		DefaultWebSiteLanguage = "Visual Basic"
	EndProjectSection
EndProject
Project("{2150E333-8FDC-42A3-9474-1A3956D46DE8}") = "C# Namespaces", "C# Namespaces", "{49E46C01-6949-4C55-84BC-6016ADDE8A48}"
EndProject
Project("{9A19103F-16F7-4668-BE54-9A1E7A4F7556}") = "DapperLibrary1", "Dotnet\DapperLibrary1\DapperLibrary1.csproj", "{95C6603F-9971-4829-A3C2-CAC3E4A4645B}"
EndProject
Project("{9A19103F-16F7-4668-BE54-9A1E7A4F7556}") = "DapperLibraryFrontend", "Dotnet\DapperLibraryFrontend\DapperLibraryFrontend.csproj", "{A7F7A2C9-8AC3-4BAB-9036-78FA2760BB6D}"
EndProject
Project("{2150E333-8FDC-42A3-9474-1A3956D46DE8}") = "Web sessions", "Web sessions", "{CC8ED21E-A567-46CE-917D-D03CE40576FF}"
EndProject
Project("{9A19103F-16F7-4668-BE54-9A1E7A4F7556}") = "SomeLibrary1", "SomeLibrary1\SomeLibrary1.csproj", "{9CC76345-04E9-46B8-897F-80EAF1D93E9A}"
EndProject
Project("{9A19103F-16F7-4668-BE54-9A1E7A4F7556}") = "SomeLibraryFrontEnd", "SomeLibraryFrontEnd\SomeLibraryFrontEnd.csproj", "{3B83C089-AEB3-4A5D-AF40-7F3E554C6380}"
EndProject
Project("{2150E333-8FDC-42A3-9474-1A3956D46DE8}") = "Week 2", "Week 2", "{4E4AD074-4808-4C85-B2F3-B11A8DF92FF7}"
EndProject
Project("{2150E333-8FDC-42A3-9474-1A3956D46DE8}") = "Week 3", "Week 3", "{B2C36AA6-3D8B-48A0-9110-834C2202AF6F}"
EndProject
Project("{2150E333-8FDC-42A3-9474-1A3956D46DE8}") = "Week  1", "Week  1", "{F60E5686-13EE-491B-B615-380D0146065C}"
EndProject
Project("{9A19103F-16F7-4668-BE54-9A1E7A4F7556}") = "BasicsFrontendApp", "BasicsFrontendApp\BasicsFrontendApp.csproj", "{C0EE8433-992E-44A1-BD04-D794BC9298AE}"
EndProject
Project("{9A19103F-16F7-4668-BE54-9A1E7A4F7556}") = "BasicLibrary", "BasicLibrary\BasicLibrary.csproj", "{1829114F-E0B4-4F69-9492-619FE8AD8510}"
EndProject
Project("{FAE04EC0-301F-11D3-BF4B-00C04F79EFBC}") = "Week2BlankSlateApp", "Week2BlankSlateApp\Week2BlankSlateApp.csproj", "{C806F069-28AC-4F79-9F45-109FFC7558A4}"
EndProject
Global
	GlobalSection(SolutionConfigurationPlatforms) = preSolution
		Debug|Any CPU = Debug|Any CPU
		Release|Any CPU = Release|Any CPU
	EndGlobalSection
	GlobalSection(ProjectConfigurationPlatforms) = postSolution
		{CEE6685C-287E-4607-83F9-11AAD1EC8DA2}.Debug|Any CPU.ActiveCfg = Debug|Any CPU
		{CEE6685C-287E-4607-83F9-11AAD1EC8DA2}.Debug|Any CPU.Build.0 = Debug|Any CPU
		{CEE6685C-287E-4607-83F9-11AAD1EC8DA2}.Release|Any CPU.ActiveCfg = Debug|Any CPU
		{CEE6685C-287E-4607-83F9-11AAD1EC8DA2}.Release|Any CPU.Build.0 = Debug|Any CPU
		{E5D4A264-2B3F-482D-B97B-AEDA6E826909}.Debug|Any CPU.ActiveCfg = Debug|Any CPU
		{E5D4A264-2B3F-482D-B97B-AEDA6E826909}.Debug|Any CPU.Build.0 = Debug|Any CPU
		{E5D4A264-2B3F-482D-B97B-AEDA6E826909}.Release|Any CPU.ActiveCfg = Debug|Any CPU
		{E5D4A264-2B3F-482D-B97B-AEDA6E826909}.Release|Any CPU.Build.0 = Debug|Any CPU
		{B90422F5-59F9-4854-8495-8817015F41BE}.Debug|Any CPU.ActiveCfg = Debug|Any CPU
		{B90422F5-59F9-4854-8495-8817015F41BE}.Debug|Any CPU.Build.0 = Debug|Any CPU
		{B90422F5-59F9-4854-8495-8817015F41BE}.Release|Any CPU.ActiveCfg = Debug|Any CPU
		{B90422F5-59F9-4854-8495-8817015F41BE}.Release|Any CPU.Build.0 = Debug|Any CPU
		{0A7F8182-EBF5-4577-A610-B2193C8384DD}.Debug|Any CPU.ActiveCfg = Debug|Any CPU
		{0A7F8182-EBF5-4577-A610-B2193C8384DD}.Debug|Any CPU.Build.0 = Debug|Any CPU
		{0A7F8182-EBF5-4577-A610-B2193C8384DD}.Release|Any CPU.ActiveCfg = Debug|Any CPU
		{0A7F8182-EBF5-4577-A610-B2193C8384DD}.Release|Any CPU.Build.0 = Debug|Any CPU
		{225C5A4E-E164-4821-90EC-E50B457CFEDE}.Debug|Any CPU.ActiveCfg = Debug|Any CPU
		{225C5A4E-E164-4821-90EC-E50B457CFEDE}.Debug|Any CPU.Build.0 = Debug|Any CPU
		{225C5A4E-E164-4821-90EC-E50B457CFEDE}.Release|Any CPU.ActiveCfg = Debug|Any CPU
		{225C5A4E-E164-4821-90EC-E50B457CFEDE}.Release|Any CPU.Build.0 = Debug|Any CPU
		{639401CC-C034-4D77-9577-8808EB0AF177}.Debug|Any CPU.ActiveCfg = Debug|Any CPU
		{639401CC-C034-4D77-9577-8808EB0AF177}.Debug|Any CPU.Build.0 = Debug|Any CPU
		{639401CC-C034-4D77-9577-8808EB0AF177}.Release|Any CPU.ActiveCfg = Debug|Any CPU
		{639401CC-C034-4D77-9577-8808EB0AF177}.Release|Any CPU.Build.0 = Debug|Any CPU
		{23609DAB-9DAE-46E2-A4F4-63C2D1509176}.Debug|Any CPU.ActiveCfg = Debug|Any CPU
		{23609DAB-9DAE-46E2-A4F4-63C2D1509176}.Debug|Any CPU.Build.0 = Debug|Any CPU
		{23609DAB-9DAE-46E2-A4F4-63C2D1509176}.Release|Any CPU.ActiveCfg = Debug|Any CPU
		{23609DAB-9DAE-46E2-A4F4-63C2D1509176}.Release|Any CPU.Build.0 = Debug|Any CPU
		{35F0788C-103C-450C-AA5F-13D124FB6965}.Debug|Any CPU.ActiveCfg = Debug|Any CPU
		{35F0788C-103C-450C-AA5F-13D124FB6965}.Debug|Any CPU.Build.0 = Debug|Any CPU
		{35F0788C-103C-450C-AA5F-13D124FB6965}.Release|Any CPU.ActiveCfg = Debug|Any CPU
		{35F0788C-103C-450C-AA5F-13D124FB6965}.Release|Any CPU.Build.0 = Debug|Any CPU
		{BC813B5B-1B9B-45F5-94FB-31BBD6F9CDEC}.Debug|Any CPU.ActiveCfg = Debug|Any CPU
		{BC813B5B-1B9B-45F5-94FB-31BBD6F9CDEC}.Debug|Any CPU.Build.0 = Debug|Any CPU
		{BC813B5B-1B9B-45F5-94FB-31BBD6F9CDEC}.Release|Any CPU.ActiveCfg = Debug|Any CPU
		{BC813B5B-1B9B-45F5-94FB-31BBD6F9CDEC}.Release|Any CPU.Build.0 = Debug|Any CPU
		{CB99DF8B-7236-492C-B619-415378BF5671}.Debug|Any CPU.ActiveCfg = Debug|Any CPU
		{CB99DF8B-7236-492C-B619-415378BF5671}.Debug|Any CPU.Build.0 = Debug|Any CPU
		{CB99DF8B-7236-492C-B619-415378BF5671}.Release|Any CPU.ActiveCfg = Debug|Any CPU
		{CB99DF8B-7236-492C-B619-415378BF5671}.Release|Any CPU.Build.0 = Debug|Any CPU
		{6B3F703C-90D2-48C0-BD03-E55A912AB04C}.Debug|Any CPU.ActiveCfg = Debug|Any CPU
		{6B3F703C-90D2-48C0-BD03-E55A912AB04C}.Debug|Any CPU.Build.0 = Debug|Any CPU
		{6B3F703C-90D2-48C0-BD03-E55A912AB04C}.Release|Any CPU.ActiveCfg = Debug|Any CPU
		{6B3F703C-90D2-48C0-BD03-E55A912AB04C}.Release|Any CPU.Build.0 = Debug|Any CPU
		{95C6603F-9971-4829-A3C2-CAC3E4A4645B}.Debug|Any CPU.ActiveCfg = Debug|Any CPU
		{95C6603F-9971-4829-A3C2-CAC3E4A4645B}.Debug|Any CPU.Build.0 = Debug|Any CPU
		{95C6603F-9971-4829-A3C2-CAC3E4A4645B}.Release|Any CPU.ActiveCfg = Release|Any CPU
		{95C6603F-9971-4829-A3C2-CAC3E4A4645B}.Release|Any CPU.Build.0 = Release|Any CPU
		{A7F7A2C9-8AC3-4BAB-9036-78FA2760BB6D}.Debug|Any CPU.ActiveCfg = Debug|Any CPU
		{A7F7A2C9-8AC3-4BAB-9036-78FA2760BB6D}.Debug|Any CPU.Build.0 = Debug|Any CPU
		{A7F7A2C9-8AC3-4BAB-9036-78FA2760BB6D}.Release|Any CPU.ActiveCfg = Release|Any CPU
		{A7F7A2C9-8AC3-4BAB-9036-78FA2760BB6D}.Release|Any CPU.Build.0 = Release|Any CPU
		{9CC76345-04E9-46B8-897F-80EAF1D93E9A}.Debug|Any CPU.ActiveCfg = Debug|Any CPU
		{9CC76345-04E9-46B8-897F-80EAF1D93E9A}.Debug|Any CPU.Build.0 = Debug|Any CPU
		{9CC76345-04E9-46B8-897F-80EAF1D93E9A}.Release|Any CPU.ActiveCfg = Release|Any CPU
		{9CC76345-04E9-46B8-897F-80EAF1D93E9A}.Release|Any CPU.Build.0 = Release|Any CPU
		{3B83C089-AEB3-4A5D-AF40-7F3E554C6380}.Debug|Any CPU.ActiveCfg = Debug|Any CPU
		{3B83C089-AEB3-4A5D-AF40-7F3E554C6380}.Debug|Any CPU.Build.0 = Debug|Any CPU
		{3B83C089-AEB3-4A5D-AF40-7F3E554C6380}.Release|Any CPU.ActiveCfg = Release|Any CPU
		{3B83C089-AEB3-4A5D-AF40-7F3E554C6380}.Release|Any CPU.Build.0 = Release|Any CPU
		{C0EE8433-992E-44A1-BD04-D794BC9298AE}.Debug|Any CPU.ActiveCfg = Debug|Any CPU
		{C0EE8433-992E-44A1-BD04-D794BC9298AE}.Debug|Any CPU.Build.0 = Debug|Any CPU
		{C0EE8433-992E-44A1-BD04-D794BC9298AE}.Release|Any CPU.ActiveCfg = Release|Any CPU
		{C0EE8433-992E-44A1-BD04-D794BC9298AE}.Release|Any CPU.Build.0 = Release|Any CPU
		{1829114F-E0B4-4F69-9492-619FE8AD8510}.Debug|Any CPU.ActiveCfg = Debug|Any CPU
		{1829114F-E0B4-4F69-9492-619FE8AD8510}.Debug|Any CPU.Build.0 = Debug|Any CPU
		{1829114F-E0B4-4F69-9492-619FE8AD8510}.Release|Any CPU.ActiveCfg = Release|Any CPU
		{1829114F-E0B4-4F69-9492-619FE8AD8510}.Release|Any CPU.Build.0 = Release|Any CPU
		{C806F069-28AC-4F79-9F45-109FFC7558A4}.Debug|Any CPU.ActiveCfg = Debug|Any CPU
		{C806F069-28AC-4F79-9F45-109FFC7558A4}.Debug|Any CPU.Build.0 = Debug|Any CPU
		{C806F069-28AC-4F79-9F45-109FFC7558A4}.Release|Any CPU.ActiveCfg = Release|Any CPU
		{C806F069-28AC-4F79-9F45-109FFC7558A4}.Release|Any CPU.Build.0 = Release|Any CPU
	EndGlobalSection
	GlobalSection(SolutionProperties) = preSolution
		HideSolutionNode = FALSE
	EndGlobalSection
	GlobalSection(NestedProjects) = preSolution
		{CEE6685C-287E-4607-83F9-11AAD1EC8DA2} = {CC8ED21E-A567-46CE-917D-D03CE40576FF}
		{E5D4A264-2B3F-482D-B97B-AEDA6E826909} = {CC8ED21E-A567-46CE-917D-D03CE40576FF}
		{B90422F5-59F9-4854-8495-8817015F41BE} = {CC8ED21E-A567-46CE-917D-D03CE40576FF}
		{0A7F8182-EBF5-4577-A610-B2193C8384DD} = {CC8ED21E-A567-46CE-917D-D03CE40576FF}
		{225C5A4E-E164-4821-90EC-E50B457CFEDE} = {CC8ED21E-A567-46CE-917D-D03CE40576FF}
		{639401CC-C034-4D77-9577-8808EB0AF177} = {CC8ED21E-A567-46CE-917D-D03CE40576FF}
		{23609DAB-9DAE-46E2-A4F4-63C2D1509176} = {CC8ED21E-A567-46CE-917D-D03CE40576FF}
		{35F0788C-103C-450C-AA5F-13D124FB6965} = {CC8ED21E-A567-46CE-917D-D03CE40576FF}
		{BC813B5B-1B9B-45F5-94FB-31BBD6F9CDEC} = {CC8ED21E-A567-46CE-917D-D03CE40576FF}
		{CB99DF8B-7236-492C-B619-415378BF5671} = {CC8ED21E-A567-46CE-917D-D03CE40576FF}
		{6B3F703C-90D2-48C0-BD03-E55A912AB04C} = {CC8ED21E-A567-46CE-917D-D03CE40576FF}
		{95C6603F-9971-4829-A3C2-CAC3E4A4645B} = {B2C36AA6-3D8B-48A0-9110-834C2202AF6F}
		{A7F7A2C9-8AC3-4BAB-9036-78FA2760BB6D} = {B2C36AA6-3D8B-48A0-9110-834C2202AF6F}
		{9CC76345-04E9-46B8-897F-80EAF1D93E9A} = {4E4AD074-4808-4C85-B2F3-B11A8DF92FF7}
		{3B83C089-AEB3-4A5D-AF40-7F3E554C6380} = {4E4AD074-4808-4C85-B2F3-B11A8DF92FF7}
		{4E4AD074-4808-4C85-B2F3-B11A8DF92FF7} = {49E46C01-6949-4C55-84BC-6016ADDE8A48}
		{B2C36AA6-3D8B-48A0-9110-834C2202AF6F} = {49E46C01-6949-4C55-84BC-6016ADDE8A48}
		{F60E5686-13EE-491B-B615-380D0146065C} = {49E46C01-6949-4C55-84BC-6016ADDE8A48}
		{C0EE8433-992E-44A1-BD04-D794BC9298AE} = {F60E5686-13EE-491B-B615-380D0146065C}
		{1829114F-E0B4-4F69-9492-619FE8AD8510} = {F60E5686-13EE-491B-B615-380D0146065C}
		{C806F069-28AC-4F79-9F45-109FFC7558A4} = {4E4AD074-4808-4C85-B2F3-B11A8DF92FF7}
	EndGlobalSection
	GlobalSection(ExtensibilityGlobals) = postSolution
		SolutionGuid = {5769EB0C-6D67-43FF-943E-3A3DD94E74D3}
	EndGlobalSection
EndGlobal
