
Microsoft Visual Studio Solution File, Format Version 12.00
# Visual Studio Version 17
VisualStudioVersion = 17.8.34309.116
MinimumVisualStudioVersion = 10.0.40219.1
Project("{E24C65DC-7377-472B-9ABA-BC803B73C61A}") = "February16", "February16\", "{CEE6685C-287E-4607-83F9-11AAD1EC8DA2}"
	ProjectSection(WebsiteProperties) = preProject
		TargetFrameworkMoniker = ".NETFramework,Version%3Dv4.7.2"
		Debug.AspNetCompiler.VirtualPath = "/localhost_51388"
		Debug.AspNetCompiler.PhysicalPath = "February16\"
		Debug.AspNetCompiler.TargetPath = "PrecompiledWeb\localhost_51388\"
		Debug.AspNetCompiler.Updateable = "true"
		Debug.AspNetCompiler.ForceOverwrite = "true"
		Debug.AspNetCompiler.FixedNames = "false"
		Debug.AspNetCompiler.Debug = "True"
		Release.AspNetCompiler.VirtualPath = "/localhost_51388"
		Release.AspNetCompiler.PhysicalPath = "February16\"
		Release.AspNetCompiler.TargetPath = "PrecompiledWeb\localhost_51388\"
		Release.AspNetCompiler.Updateable = "true"
		Release.AspNetCompiler.ForceOverwrite = "true"
		Release.AspNetCompiler.FixedNames = "false"
		Release.AspNetCompiler.Debug = "False"
		VWDPort = "51388"
		SlnRelativePath = "February16\"
		DefaultWebSiteLanguage = "Visual Basic"
	EndProjectSection
EndProject
Project("{2150E333-8FDC-42A3-9474-1A3956D46DE8}") = "Solution Items", "Solution Items", "{AC4C0B39-2BFD-441F-97C4-1F1574C80F1C}"
	ProjectSection(SolutionItems) = preProject
		information.md = information.md
		readme.md = readme.md
	EndProjectSection
EndProject
Project("{E24C65DC-7377-472B-9ABA-BC803B73C61A}") = "February23", "February23\", "{E5D4A264-2B3F-482D-B97B-AEDA6E826909}"
	ProjectSection(WebsiteProperties) = preProject
		TargetFrameworkMoniker = ".NETFramework,Version%3Dv4.7.2"
		Debug.AspNetCompiler.VirtualPath = "/localhost_65521"
		Debug.AspNetCompiler.PhysicalPath = "February23\"
		Debug.AspNetCompiler.TargetPath = "PrecompiledWeb\localhost_65521\"
		Debug.AspNetCompiler.Updateable = "true"
		Debug.AspNetCompiler.ForceOverwrite = "true"
		Debug.AspNetCompiler.FixedNames = "false"
		Debug.AspNetCompiler.Debug = "True"
		Release.AspNetCompiler.VirtualPath = "/localhost_65521"
		Release.AspNetCompiler.PhysicalPath = "February23\"
		Release.AspNetCompiler.TargetPath = "PrecompiledWeb\localhost_65521\"
		Release.AspNetCompiler.Updateable = "true"
		Release.AspNetCompiler.ForceOverwrite = "true"
		Release.AspNetCompiler.FixedNames = "false"
		Release.AspNetCompiler.Debug = "False"
		VWDPort = "65521"
		SlnRelativePath = "February23\"
		DefaultWebSiteLanguage = "Visual Basic"
	EndProjectSection
EndProject
Project("{E24C65DC-7377-472B-9ABA-BC803B73C61A}") = "March1", "March1\", "{B90422F5-59F9-4854-8495-8817015F41BE}"
	ProjectSection(WebsiteProperties) = preProject
		TargetFrameworkMoniker = ".NETFramework,Version%3Dv4.7.2"
		Debug.AspNetCompiler.VirtualPath = "/localhost_51168"
		Debug.AspNetCompiler.PhysicalPath = "March1\"
		Debug.AspNetCompiler.TargetPath = "PrecompiledWeb\localhost_51168\"
		Debug.AspNetCompiler.Updateable = "true"
		Debug.AspNetCompiler.ForceOverwrite = "true"
		Debug.AspNetCompiler.FixedNames = "false"
		Debug.AspNetCompiler.Debug = "True"
		Release.AspNetCompiler.VirtualPath = "/localhost_51168"
		Release.AspNetCompiler.PhysicalPath = "March1\"
		Release.AspNetCompiler.TargetPath = "PrecompiledWeb\localhost_51168\"
		Release.AspNetCompiler.Updateable = "true"
		Release.AspNetCompiler.ForceOverwrite = "true"
		Release.AspNetCompiler.FixedNames = "false"
		Release.AspNetCompiler.Debug = "False"
		VWDPort = "51168"
		SlnRelativePath = "March1\"
		DefaultWebSiteLanguage = "Visual Basic"
	EndProjectSection
EndProject
Project("{E24C65DC-7377-472B-9ABA-BC803B73C61A}") = "March8", "March8\", "{0A7F8182-EBF5-4577-A610-B2193C8384DD}"
	ProjectSection(WebsiteProperties) = preProject
		TargetFrameworkMoniker = ".NETFramework,Version%3Dv4.7.2"
		Debug.AspNetCompiler.VirtualPath = "/localhost_63857"
		Debug.AspNetCompiler.PhysicalPath = "March8\"
		Debug.AspNetCompiler.TargetPath = "PrecompiledWeb\localhost_63857\"
		Debug.AspNetCompiler.Updateable = "true"
		Debug.AspNetCompiler.ForceOverwrite = "true"
		Debug.AspNetCompiler.FixedNames = "false"
		Debug.AspNetCompiler.Debug = "True"
		Release.AspNetCompiler.VirtualPath = "/localhost_63857"
		Release.AspNetCompiler.PhysicalPath = "March8\"
		Release.AspNetCompiler.TargetPath = "PrecompiledWeb\localhost_63857\"
		Release.AspNetCompiler.Updateable = "true"
		Release.AspNetCompiler.ForceOverwrite = "true"
		Release.AspNetCompiler.FixedNames = "false"
		Release.AspNetCompiler.Debug = "False"
		VWDPort = "63857"
		SlnRelativePath = "March8\"
		DefaultWebSiteLanguage = "Visual Basic"
	EndProjectSection
EndProject
Project("{9A19103F-16F7-4668-BE54-9A1E7A4F7556}") = "ConsoleApp1", "ConsoleApp1\ConsoleApp1.csproj", "{3DD5B0C6-8B9A-4CFF-9494-433679906E8E}"
EndProject
Project("{9A19103F-16F7-4668-BE54-9A1E7A4F7556}") = "ClassLibrary1", "ClassLibrary1\ClassLibrary1.csproj", "{5F61B0AF-50F7-44D9-A6BB-6F53EE8FC53A}"
EndProject
Project("{E24C65DC-7377-472B-9ABA-BC803B73C61A}") = "March15", "March15\", "{225C5A4E-E164-4821-90EC-E50B457CFEDE}"
	ProjectSection(WebsiteProperties) = preProject
		TargetFrameworkMoniker = ".NETFramework,Version%3Dv4.7.2"
		Debug.AspNetCompiler.VirtualPath = "/localhost_53905"
		Debug.AspNetCompiler.PhysicalPath = "March15\"
		Debug.AspNetCompiler.TargetPath = "PrecompiledWeb\localhost_53905\"
		Debug.AspNetCompiler.Updateable = "true"
		Debug.AspNetCompiler.ForceOverwrite = "true"
		Debug.AspNetCompiler.FixedNames = "false"
		Debug.AspNetCompiler.Debug = "True"
		Release.AspNetCompiler.VirtualPath = "/localhost_53905"
		Release.AspNetCompiler.PhysicalPath = "March15\"
		Release.AspNetCompiler.TargetPath = "PrecompiledWeb\localhost_53905\"
		Release.AspNetCompiler.Updateable = "true"
		Release.AspNetCompiler.ForceOverwrite = "true"
		Release.AspNetCompiler.FixedNames = "false"
		Release.AspNetCompiler.Debug = "False"
		VWDPort = "53905"
		SlnRelativePath = "March15\"
		DefaultWebSiteLanguage = "Visual Basic"
	EndProjectSection
EndProject
Global
	GlobalSection(SolutionConfigurationPlatforms) = preSolution
		Debug|Any CPU = Debug|Any CPU
		Release|Any CPU = Release|Any CPU
	EndGlobalSection
	GlobalSection(ProjectConfigurationPlatforms) = postSolution
		{CEE6685C-287E-4607-83F9-11AAD1EC8DA2}.Debug|Any CPU.ActiveCfg = Debug|Any CPU
		{CEE6685C-287E-4607-83F9-11AAD1EC8DA2}.Debug|Any CPU.Build.0 = Debug|Any CPU
		{CEE6685C-287E-4607-83F9-11AAD1EC8DA2}.Release|Any CPU.ActiveCfg = Debug|Any CPU
		{CEE6685C-287E-4607-83F9-11AAD1EC8DA2}.Release|Any CPU.Build.0 = Debug|Any CPU
		{E5D4A264-2B3F-482D-B97B-AEDA6E826909}.Debug|Any CPU.ActiveCfg = Debug|Any CPU
		{E5D4A264-2B3F-482D-B97B-AEDA6E826909}.Debug|Any CPU.Build.0 = Debug|Any CPU
		{E5D4A264-2B3F-482D-B97B-AEDA6E826909}.Release|Any CPU.ActiveCfg = Debug|Any CPU
		{E5D4A264-2B3F-482D-B97B-AEDA6E826909}.Release|Any CPU.Build.0 = Debug|Any CPU
		{B90422F5-59F9-4854-8495-8817015F41BE}.Debug|Any CPU.ActiveCfg = Debug|Any CPU
		{B90422F5-59F9-4854-8495-8817015F41BE}.Debug|Any CPU.Build.0 = Debug|Any CPU
		{B90422F5-59F9-4854-8495-8817015F41BE}.Release|Any CPU.ActiveCfg = Debug|Any CPU
		{B90422F5-59F9-4854-8495-8817015F41BE}.Release|Any CPU.Build.0 = Debug|Any CPU
		{0A7F8182-EBF5-4577-A610-B2193C8384DD}.Debug|Any CPU.ActiveCfg = Debug|Any CPU
		{0A7F8182-EBF5-4577-A610-B2193C8384DD}.Debug|Any CPU.Build.0 = Debug|Any CPU
		{0A7F8182-EBF5-4577-A610-B2193C8384DD}.Release|Any CPU.ActiveCfg = Debug|Any CPU
		{0A7F8182-EBF5-4577-A610-B2193C8384DD}.Release|Any CPU.Build.0 = Debug|Any CPU
		{3DD5B0C6-8B9A-4CFF-9494-433679906E8E}.Debug|Any CPU.ActiveCfg = Debug|Any CPU
		{3DD5B0C6-8B9A-4CFF-9494-433679906E8E}.Debug|Any CPU.Build.0 = Debug|Any CPU
		{3DD5B0C6-8B9A-4CFF-9494-433679906E8E}.Release|Any CPU.ActiveCfg = Release|Any CPU
		{3DD5B0C6-8B9A-4CFF-9494-433679906E8E}.Release|Any CPU.Build.0 = Release|Any CPU
		{5F61B0AF-50F7-44D9-A6BB-6F53EE8FC53A}.Debug|Any CPU.ActiveCfg = Debug|Any CPU
		{5F61B0AF-50F7-44D9-A6BB-6F53EE8FC53A}.Debug|Any CPU.Build.0 = Debug|Any CPU
		{5F61B0AF-50F7-44D9-A6BB-6F53EE8FC53A}.Release|Any CPU.ActiveCfg = Release|Any CPU
		{5F61B0AF-50F7-44D9-A6BB-6F53EE8FC53A}.Release|Any CPU.Build.0 = Release|Any CPU
		{225C5A4E-E164-4821-90EC-E50B457CFEDE}.Debug|Any CPU.ActiveCfg = Debug|Any CPU
		{225C5A4E-E164-4821-90EC-E50B457CFEDE}.Debug|Any CPU.Build.0 = Debug|Any CPU
		{225C5A4E-E164-4821-90EC-E50B457CFEDE}.Release|Any CPU.ActiveCfg = Debug|Any CPU
		{225C5A4E-E164-4821-90EC-E50B457CFEDE}.Release|Any CPU.Build.0 = Debug|Any CPU
	EndGlobalSection
	GlobalSection(SolutionProperties) = preSolution
		HideSolutionNode = FALSE
	EndGlobalSection
	GlobalSection(ExtensibilityGlobals) = postSolution
		SolutionGuid = {5769EB0C-6D67-43FF-943E-3A3DD94E74D3}
	EndGlobalSection
EndGlobal
